
Microsoft Visual Studio Solution File, Format Version 12.00
# Visual Studio Version 17
VisualStudioVersion = 17.7.34024.191
MinimumVisualStudioVersion = 10.0.40219.1
Project("{8BC9CEB8-8B4A-11D0-8D11-00A0C91BC942}") = "StructureMenu", "StructureMenu\StructureMenu.vcxproj", "{AD2217C2-79FE-4113-B69C-C217B41CD76C}"
EndProject
Project("{8BC9CEB8-8B4A-11D0-8D11-00A0C91BC942}") = "MenuWork", "MenuWork\MenuWork.vcxproj", "{36851837-D762-48AD-B91C-06821D056AFC}"
EndProject
Global
	GlobalSection(SolutionConfigurationPlatforms) = preSolution
		Debug|x64 = Debug|x64
		Debug|x86 = Debug|x86
		Release|x64 = Release|x64
		Release|x86 = Release|x86
	EndGlobalSection
	GlobalSection(ProjectConfigurationPlatforms) = postSolution
		{AD2217C2-79FE-4113-B69C-C217B41CD76C}.Debug|x64.ActiveCfg = Debug|x64
		{AD2217C2-79FE-4113-B69C-C217B41CD76C}.Debug|x64.Build.0 = Debug|x64
		{AD2217C2-79FE-4113-B69C-C217B41CD76C}.Debug|x86.ActiveCfg = Debug|Win32
		{AD2217C2-79FE-4113-B69C-C217B41CD76C}.Debug|x86.Build.0 = Debug|Win32
		{AD2217C2-79FE-4113-B69C-C217B41CD76C}.Release|x64.ActiveCfg = Release|x64
		{AD2217C2-79FE-4113-B69C-C217B41CD76C}.Release|x64.Build.0 = Release|x64
		{AD2217C2-79FE-4113-B69C-C217B41CD76C}.Release|x86.ActiveCfg = Release|Win32
		{AD2217C2-79FE-4113-B69C-C217B41CD76C}.Release|x86.Build.0 = Release|Win32
		{36851837-D762-48AD-B91C-06821D056AFC}.Debug|x64.ActiveCfg = Debug|x64
		{36851837-D762-48AD-B91C-06821D056AFC}.Debug|x64.Build.0 = Debug|x64
		{36851837-D762-48AD-B91C-06821D056AFC}.Debug|x86.ActiveCfg = Debug|Win32
		{36851837-D762-48AD-B91C-06821D056AFC}.Debug|x86.Build.0 = Debug|Win32
		{36851837-D762-48AD-B91C-06821D056AFC}.Release|x64.ActiveCfg = Release|x64
		{36851837-D762-48AD-B91C-06821D056AFC}.Release|x64.Build.0 = Release|x64
		{36851837-D762-48AD-B91C-06821D056AFC}.Release|x86.ActiveCfg = Release|Win32
		{36851837-D762-48AD-B91C-06821D056AFC}.Release|x86.Build.0 = Release|Win32
	EndGlobalSection
	GlobalSection(SolutionProperties) = preSolution
		HideSolutionNode = FALSE
	EndGlobalSection
	GlobalSection(ExtensibilityGlobals) = postSolution
		SolutionGuid = {8AAE4ECE-8444-4742-A463-1AC2249E00EC}
	EndGlobalSection
EndGlobal
